
Microsoft Visual Studio Solution File, Format Version 12.00
# Visual Studio Version 17
VisualStudioVersion = 17.11.35327.3
MinimumVisualStudioVersion = 10.0.40219.1
Project("{FAE04EC0-301F-11D3-BF4B-00C04F79EFBC}") = "Class Exercises Nov_26_2024", "Class Exercises Nov_26_2024\Class Exercises Nov_26_2024.csproj", "{69AE3375-A3F4-43CD-A785-B4E5C51A186B}"
EndProject
Global
	GlobalSection(SolutionConfigurationPlatforms) = preSolution
		Debug|Any CPU = Debug|Any CPU
		Release|Any CPU = Release|Any CPU
	EndGlobalSection
	GlobalSection(ProjectConfigurationPlatforms) = postSolution
		{69AE3375-A3F4-43CD-A785-B4E5C51A186B}.Debug|Any CPU.ActiveCfg = Debug|Any CPU
		{69AE3375-A3F4-43CD-A785-B4E5C51A186B}.Debug|Any CPU.Build.0 = Debug|Any CPU
		{69AE3375-A3F4-43CD-A785-B4E5C51A186B}.Release|Any CPU.ActiveCfg = Release|Any CPU
		{69AE3375-A3F4-43CD-A785-B4E5C51A186B}.Release|Any CPU.Build.0 = Release|Any CPU
	EndGlobalSection
	GlobalSection(SolutionProperties) = preSolution
		HideSolutionNode = FALSE
	EndGlobalSection
	GlobalSection(ExtensibilityGlobals) = postSolution
		SolutionGuid = {23ABB808-68B5-4E6C-9AA1-5843FE957410}
	EndGlobalSection
EndGlobal
